<?xml version="1.0" encoding="UTF-8" standalone="yes" ?>
<CodeBlocks_project_file>
	<FileVersion major="1" minor="6" />
	<Project>
		<Option title="Game_tutorial_1" />
		<Option pch_mode="2" />
		<Option compiler="gcc" />
		<Option virtualFolders="images/" />
		<Build>
			<Target title="Debug">
				<Option output="bin/Debug/Game_tutorial_1" prefix_auto="1" extension_auto="1" />
				<Option object_output="obj/Debug/" />
				<Option type="1" />
				<Option compiler="gcc" />
				<Compiler>
					<Add option="-g" />
				</Compiler>
			</Target>
			<Target title="Release">
				<Option output="bin/Release/Game_tutorial_1" prefix_auto="1" extension_auto="1" />
				<Option object_output="obj/Release/" />
				<Option type="1" />
				<Option compiler="gcc" />
				<Compiler>
					<Add option="-O2" />
				</Compiler>
				<Linker>
					<Add option="-s" />
				</Linker>
			</Target>
		</Build>
		<Compiler>
			<Add option="-Wall" />
		</Compiler>
		<Linker>
			<Add option="-lSDL2 -lSDL2_image -lSDL2_ttf -lSDL2_mixer" />
		</Linker>
		<Unit filename="main.cpp" />
		<Unit filename="tutorial_1.h" />
		<Unit filename="tutorial_10.h" />
		<Unit filename="tutorial_11.h" />
		<Unit filename="tutorial_12.h" />
		<Unit filename="tutorial_13.h" />
		<Unit filename="tutorial_14.h" />
		<Unit filename="tutorial_15.h" />
		<Unit filename="tutorial_16.h" />
		<Unit filename="tutorial_17.h" />
		<Unit filename="tutorial_18.h" />
		<Unit filename="tutorial_19.h" />
		<Unit filename="tutorial_2.h" />
		<Unit filename="tutorial_20.h" />
		<Unit filename="tutorial_21.h" />
		<Unit filename="tutorial_22.h" />
		<Unit filename="tutorial_23.h" />
		<Unit filename="tutorial_24.h" />
		<Unit filename="tutorial_25.h" />
		<Unit filename="tutorial_26.h" />
		<Unit filename="tutorial_27.h" />
		<Unit filename="tutorial_28.h" />
		<Unit filename="tutorial_29.h" />
		<Unit filename="tutorial_3.h" />
		<Unit filename="tutorial_30.h" />
		<Unit filename="tutorial_31.h" />
		<Unit filename="tutorial_32.h" />
		<Unit filename="tutorial_33.h" />
		<Unit filename="tutorial_34.h" />
		<Unit filename="tutorial_35.h" />
		<Unit filename="tutorial_36.h" />
		<Unit filename="tutorial_37.h" />
		<Unit filename="tutorial_38.h" />
		<Unit filename="tutorial_39.h" />
		<Unit filename="tutorial_4.h" />
		<Unit filename="tutorial_40.h" />
		<Unit filename="tutorial_41.h" />
		<Unit filename="tutorial_42.h" />
		<Unit filename="tutorial_43.h" />
		<Unit filename="tutorial_44.h" />
		<Unit filename="tutorial_45.h" />
		<Unit filename="tutorial_46.h" />
		<Unit filename="tutorial_5.h" />
		<Unit filename="tutorial_6.h" />
		<Unit filename="tutorial_7.h" />
		<Unit filename="tutorial_8.h" />
		<Unit filename="tutorial_9.h" />
		<Extensions />
	</Project>
</CodeBlocks_project_file>
